// !$*UTF8*$!
{
	archiveVersion = 1;
	classes = {
	};
	objectVersion = 46;
	objects = {

/* Begin PBXBuildFile section */
		A245638719D6D59900C92823 /* main.m in Sources */ = {isa = PBXBuildFile; fileRef = A245638619D6D59900C92823 /* main.m */; };
		A245638A19D6D59A00C92823 /* AppDelegate.m in Sources */ = {isa = PBXBuildFile; fileRef = A245638919D6D59A00C92823 /* AppDelegate.m */; };
		A245638D19D6D59A00C92823 /* Overdue_Task_List_Assignment.xcdatamodeld in Sources */ = {isa = PBXBuildFile; fileRef = A245638B19D6D59A00C92823 /* Overdue_Task_List_Assignment.xcdatamodeld */; };
		A245639019D6D59A00C92823 /* ViewController.m in Sources */ = {isa = PBXBuildFile; fileRef = A245638F19D6D59A00C92823 /* ViewController.m */; };
		A245639319D6D59A00C92823 /* Main.storyboard in Resources */ = {isa = PBXBuildFile; fileRef = A245639119D6D59A00C92823 /* Main.storyboard */; };
		A245639519D6D59A00C92823 /* Images.xcassets in Resources */ = {isa = PBXBuildFile; fileRef = A245639419D6D59A00C92823 /* Images.xcassets */; };
		A245639819D6D59A00C92823 /* LaunchScreen.xib in Resources */ = {isa = PBXBuildFile; fileRef = A245639619D6D59A00C92823 /* LaunchScreen.xib */; };
		A24563A419D6D59A00C92823 /* Overdue_Task_List_AssignmentTests.m in Sources */ = {isa = PBXBuildFile; fileRef = A24563A319D6D59A00C92823 /* Overdue_Task_List_AssignmentTests.m */; };
/* End PBXBuildFile section */

/* Begin PBXContainerItemProxy section */
		A245639E19D6D59A00C92823 /* PBXContainerItemProxy */ = {
			isa = PBXContainerItemProxy;
			containerPortal = A245637919D6D59900C92823 /* Project object */;
			proxyType = 1;
			remoteGlobalIDString = A245638019D6D59900C92823;
			remoteInfo = "Overdue Task List Assignment";
		};
/* End PBXContainerItemProxy section */

/* Begin PBXFileReference section */
		A245638119D6D59900C92823 /* Overdue Task List Assignment.app */ = {isa = PBXFileReference; explicitFileType = wrapper.application; includeInIndex = 0; path = "Overdue Task List Assignment.app"; sourceTree = BUILT_PRODUCTS_DIR; };
		A245638519D6D59900C92823 /* Info.plist */ = {isa = PBXFileReference; lastKnownFileType = text.plist.xml; path = Info.plist; sourceTree = "<group>"; };
		A245638619D6D59900C92823 /* main.m */ = {isa = PBXFileReference; lastKnownFileType = sourcecode.c.objc; path = main.m; sourceTree = "<group>"; };
		A245638819D6D59900C92823 /* AppDelegate.h */ = {isa = PBXFileReference; lastKnownFileType = sourcecode.c.h; path = AppDelegate.h; sourceTree = "<group>"; };
		A245638919D6D59A00C92823 /* AppDelegate.m */ = {isa = PBXFileReference; lastKnownFileType = sourcecode.c.objc; path = AppDelegate.m; sourceTree = "<group>"; };
		A245638C19D6D59A00C92823 /* Overdue_Task_List_Assignment.xcdatamodel */ = {isa = PBXFileReference; lastKnownFileType = wrapper.xcdatamodel; path = Overdue_Task_List_Assignment.xcdatamodel; sourceTree = "<group>"; };
		A245638E19D6D59A00C92823 /* ViewController.h */ = {isa = PBXFileReference; lastKnownFileType = sourcecode.c.h; path = ViewController.h; sourceTree = "<group>"; };
		A245638F19D6D59A00C92823 /* ViewController.m */ = {isa = PBXFileReference; lastKnownFileType = sourcecode.c.objc; path = ViewController.m; sourceTree = "<group>"; };
		A245639219D6D59A00C92823 /* Base */ = {isa = PBXFileReference; lastKnownFileType = file.storyboard; name = Base; path = Base.lproj/Main.storyboard; sourceTree = "<group>"; };
		A245639419D6D59A00C92823 /* Images.xcassets */ = {isa = PBXFileReference; lastKnownFileType = folder.assetcatalog; path = Images.xcassets; sourceTree = "<group>"; };
		A245639719D6D59A00C92823 /* Base */ = {isa = PBXFileReference; lastKnownFileType = file.xib; name = Base; path = Base.lproj/LaunchScreen.xib; sourceTree = "<group>"; };
		A245639D19D6D59A00C92823 /* Overdue Task List AssignmentTests.xctest */ = {isa = PBXFileReference; explicitFileType = wrapper.cfbundle; includeInIndex = 0; path = "Overdue Task List AssignmentTests.xctest"; sourceTree = BUILT_PRODUCTS_DIR; };
		A24563A219D6D59A00C92823 /* Info.plist */ = {isa = PBXFileReference; lastKnownFileType = text.plist.xml; path = Info.plist; sourceTree = "<group>"; };
		A24563A319D6D59A00C92823 /* Overdue_Task_List_AssignmentTests.m */ = {isa = PBXFileReference; lastKnownFileType = sourcecode.c.objc; path = Overdue_Task_List_AssignmentTests.m; sourceTree = "<group>"; };
/* End PBXFileReference section */

/* Begin PBXFrameworksBuildPhase section */
		A245637E19D6D59900C92823 /* Frameworks */ = {
			isa = PBXFrameworksBuildPhase;
			buildActionMask = 2147483647;
			files = (
			);
			runOnlyForDeploymentPostprocessing = 0;
		};
		A245639A19D6D59A00C92823 /* Frameworks */ = {
			isa = PBXFrameworksBuildPhase;
			buildActionMask = 2147483647;
			files = (
			);
			runOnlyForDeploymentPostprocessing = 0;
		};
/* End PBXFrameworksBuildPhase section */

/* Begin PBXGroup section */
		A245637819D6D59900C92823 = {
			isa = PBXGroup;
			children = (
				A245638319D6D59900C92823 /* Overdue Task List Assignment */,
				A24563A019D6D59A00C92823 /* Overdue Task List AssignmentTests */,
				A245638219D6D59900C92823 /* Products */,
			);
			sourceTree = "<group>";
		};
		A245638219D6D59900C92823 /* Products */ = {
			isa = PBXGroup;
			children = (
				A245638119D6D59900C92823 /* Overdue Task List Assignment.app */,
				A245639D19D6D59A00C92823 /* Overdue Task List AssignmentTests.xctest */,
			);
			name = Products;
			sourceTree = "<group>";
		};
		A245638319D6D59900C92823 /* Overdue Task List Assignment */ = {
			isa = PBXGroup;
			children = (
				A245638819D6D59900C92823 /* AppDelegate.h */,
				A245638919D6D59A00C92823 /* AppDelegate.m */,
				A245638E19D6D59A00C92823 /* ViewController.h */,
				A245638F19D6D59A00C92823 /* ViewController.m */,
				A245639119D6D59A00C92823 /* Main.storyboard */,
				A245639419D6D59A00C92823 /* Images.xcassets */,
				A245639619D6D59A00C92823 /* LaunchScreen.xib */,
				A245638B19D6D59A00C92823 /* Overdue_Task_List_Assignment.xcdatamodeld */,
				A245638419D6D59900C92823 /* Supporting Files */,
			);
			path = "Overdue Task List Assignment";
			sourceTree = "<group>";
		};
		A245638419D6D59900C92823 /* Supporting Files */ = {
			isa = PBXGroup;
			children = (
				A245638519D6D59900C92823 /* Info.plist */,
				A245638619D6D59900C92823 /* main.m */,
			);
			name = "Supporting Files";
			sourceTree = "<group>";
		};
		A24563A019D6D59A00C92823 /* Overdue Task List AssignmentTests */ = {
			isa = PBXGroup;
			children = (
				A24563A319D6D59A00C92823 /* Overdue_Task_List_AssignmentTests.m */,
				A24563A119D6D59A00C92823 /* Supporting Files */,
			);
			path = "Overdue Task List AssignmentTests";
			sourceTree = "<group>";
		};
		A24563A119D6D59A00C92823 /* Supporting Files */ = {
			isa = PBXGroup;
			children = (
				A24563A219D6D59A00C92823 /* Info.plist */,
			);
			name = "Supporting Files";
			sourceTree = "<group>";
		};
/* End PBXGroup section */

/* Begin PBXNativeTarget section */
		A245638019D6D59900C92823 /* Overdue Task List Assignment */ = {
			isa = PBXNativeTarget;
			buildConfigurationList = A24563A719D6D59A00C92823 /* Build configuration list for PBXNativeTarget "Overdue Task List Assignment" */;
			buildPhases = (
				A245637D19D6D59900C92823 /* Sources */,
				A245637E19D6D59900C92823 /* Frameworks */,
				A245637F19D6D59900C92823 /* Resources */,
			);
			buildRules = (
			);
			dependencies = (
			);
			name = "Overdue Task List Assignment";
			productName = "Overdue Task List Assignment";
			productReference = A245638119D6D59900C92823 /* Overdue Task List Assignment.app */;
			productType = "com.apple.product-type.application";
		};
		A245639C19D6D59A00C92823 /* Overdue Task List AssignmentTests */ = {
			isa = PBXNativeTarget;
			buildConfigurationList = A24563AA19D6D59A00C92823 /* Build configuration list for PBXNativeTarget "Overdue Task List AssignmentTests" */;
			buildPhases = (
				A245639919D6D59A00C92823 /* Sources */,
				A245639A19D6D59A00C92823 /* Frameworks */,
				A245639B19D6D59A00C92823 /* Resources */,
			);
			buildRules = (
			);
			dependencies = (
				A245639F19D6D59A00C92823 /* PBXTargetDependency */,
			);
			name = "Overdue Task List AssignmentTests";
			productName = "Overdue Task List AssignmentTests";
			productReference = A245639D19D6D59A00C92823 /* Overdue Task List AssignmentTests.xctest */;
			productType = "com.apple.product-type.bundle.unit-test";
		};
/* End PBXNativeTarget section */

/* Begin PBXProject section */
		A245637919D6D59900C92823 /* Project object */ = {
			isa = PBXProject;
			attributes = {
				LastUpgradeCheck = 0600;
				ORGANIZATIONNAME = BrickInc;
				TargetAttributes = {
					A245638019D6D59900C92823 = {
						CreatedOnToolsVersion = 6.0.1;
					};
					A245639C19D6D59A00C92823 = {
						CreatedOnToolsVersion = 6.0.1;
						TestTargetID = A245638019D6D59900C92823;
					};
				};
			};
			buildConfigurationList = A245637C19D6D59900C92823 /* Build configuration list for PBXProject "Overdue Task List Assignment" */;
			compatibilityVersion = "Xcode 3.2";
			developmentRegion = English;
			hasScannedForEncodings = 0;
			knownRegions = (
				en,
				Base,
			);
			mainGroup = A245637819D6D59900C92823;
			productRefGroup = A245638219D6D59900C92823 /* Products */;
			projectDirPath = "";
			projectRoot = "";
			targets = (
				A245638019D6D59900C92823 /* Overdue Task List Assignment */,
				A245639C19D6D59A00C92823 /* Overdue Task List AssignmentTests */,
			);
		};
/* End PBXProject section */

/* Begin PBXResourcesBuildPhase section */
		A245637F19D6D59900C92823 /* Resources */ = {
			isa = PBXResourcesBuildPhase;
			buildActionMask = 2147483647;
			files = (
				A245639319D6D59A00C92823 /* Main.storyboard in Resources */,
				A245639819D6D59A00C92823 /* LaunchScreen.xib in Resources */,
				A245639519D6D59A00C92823 /* Images.xcassets in Resources */,
			);
			runOnlyForDeploymentPostprocessing = 0;
		};
		A245639B19D6D59A00C92823 /* Resources */ = {
			isa = PBXResourcesBuildPhase;
			buildActionMask = 2147483647;
			files = (
			);
			runOnlyForDeploymentPostprocessing = 0;
		};
/* End PBXResourcesBuildPhase section */

/* Begin PBXSourcesBuildPhase section */
		A245637D19D6D59900C92823 /* Sources */ = {
			isa = PBXSourcesBuildPhase;
			buildActionMask = 2147483647;
			files = (
				A245638A19D6D59A00C92823 /* AppDelegate.m in Sources */,
				A245638D19D6D59A00C92823 /* Overdue_Task_List_Assignment.xcdatamodeld in Sources */,
				A245639019D6D59A00C92823 /* ViewController.m in Sources */,
				A245638719D6D59900C92823 /* main.m in Sources */,
			);
			runOnlyForDeploymentPostprocessing = 0;
		};
		A245639919D6D59A00C92823 /* Sources */ = {
			isa = PBXSourcesBuildPhase;
			buildActionMask = 2147483647;
			files = (
				A24563A419D6D59A00C92823 /* Overdue_Task_List_AssignmentTests.m in Sources */,
			);
			runOnlyForDeploymentPostprocessing = 0;
		};
/* End PBXSourcesBuildPhase section */

/* Begin PBXTargetDependency section */
		A245639F19D6D59A00C92823 /* PBXTargetDependency */ = {
			isa = PBXTargetDependency;
			target = A245638019D6D59900C92823 /* Overdue Task List Assignment */;
			targetProxy = A245639E19D6D59A00C92823 /* PBXContainerItemProxy */;
		};
/* End PBXTargetDependency section */

/* Begin PBXVariantGroup section */
		A245639119D6D59A00C92823 /* Main.storyboard */ = {
			isa = PBXVariantGroup;
			children = (
				A245639219D6D59A00C92823 /* Base */,
			);
			name = Main.storyboard;
			sourceTree = "<group>";
		};
		A245639619D6D59A00C92823 /* LaunchScreen.xib */ = {
			isa = PBXVariantGroup;
			children = (
				A245639719D6D59A00C92823 /* Base */,
			);
			name = LaunchScreen.xib;
			sourceTree = "<group>";
		};
/* End PBXVariantGroup section */

/* Begin XCBuildConfiguration section */
		A24563A519D6D59A00C92823 /* Debug */ = {
			isa = XCBuildConfiguration;
			buildSettings = {
				ALWAYS_SEARCH_USER_PATHS = NO;
				CLANG_CXX_LANGUAGE_STANDARD = "gnu++0x";
				CLANG_CXX_LIBRARY = "libc++";
				CLANG_ENABLE_MODULES = YES;
				CLANG_ENABLE_OBJC_ARC = YES;
				CLANG_WARN_BOOL_CONVERSION = YES;
				CLANG_WARN_CONSTANT_CONVERSION = YES;
				CLANG_WARN_DIRECT_OBJC_ISA_USAGE = YES_ERROR;
				CLANG_WARN_EMPTY_BODY = YES;
				CLANG_WARN_ENUM_CONVERSION = YES;
				CLANG_WARN_INT_CONVERSION = YES;
				CLANG_WARN_OBJC_ROOT_CLASS = YES_ERROR;
				CLANG_WARN_UNREACHABLE_CODE = YES;
				CLANG_WARN__DUPLICATE_METHOD_MATCH = YES;
				"CODE_SIGN_IDENTITY[sdk=iphoneos*]" = "iPhone Developer";
				COPY_PHASE_STRIP = NO;
				ENABLE_STRICT_OBJC_MSGSEND = YES;
				GCC_C_LANGUAGE_STANDARD = gnu99;
				GCC_DYNAMIC_NO_PIC = NO;
				GCC_OPTIMIZATION_LEVEL = 0;
				GCC_PREPROCESSOR_DEFINITIONS = (
					"DEBUG=1",
					"$(inherited)",
				);
				GCC_SYMBOLS_PRIVATE_EXTERN = NO;
				GCC_WARN_64_TO_32_BIT_CONVERSION = YES;
				GCC_WARN_ABOUT_RETURN_TYPE = YES_ERROR;
				GCC_WARN_UNDECLARED_SELECTOR = YES;
				GCC_WARN_UNINITIALIZED_AUTOS = YES_AGGRESSIVE;
				GCC_WARN_UNUSED_FUNCTION = YES;
				GCC_WARN_UNUSED_VARIABLE = YES;
				IPHONEOS_DEPLOYMENT_TARGET = 8.0;
				MTL_ENABLE_DEBUG_INFO = YES;
				ONLY_ACTIVE_ARCH = YES;
				SDKROOT = iphoneos;
			};
			name = Debug;
		};
		A24563A619D6D59A00C92823 /* Release */ = {
			isa = XCBuildConfiguration;
			buildSettings = {
				ALWAYS_SEARCH_USER_PATHS = NO;
				CLANG_CXX_LANGUAGE_STANDARD = "gnu++0x";
				CLANG_CXX_LIBRARY = "libc++";
				CLANG_ENABLE_MODULES = YES;
				CLANG_ENABLE_OBJC_ARC = YES;
				CLANG_WARN_BOOL_CONVERSION = YES;
				CLANG_WARN_CONSTANT_CONVERSION = YES;
				CLANG_WARN_DIRECT_OBJC_ISA_USAGE = YES_ERROR;
				CLANG_WARN_EMPTY_BODY = YES;
				CLANG_WARN_ENUM_CONVERSION = YES;
				CLANG_WARN_INT_CONVERSION = YES;
				CLANG_WARN_OBJC_ROOT_CLASS = YES_ERROR;
				CLANG_WARN_UNREACHABLE_CODE = YES;
				CLANG_WARN__DUPLICATE_METHOD_MATCH = YES;
				"CODE_SIGN_IDENTITY[sdk=iphoneos*]" = "iPhone Developer";
				COPY_PHASE_STRIP = YES;
				ENABLE_NS_ASSERTIONS = NO;
				ENABLE_STRICT_OBJC_MSGSEND = YES;
				GCC_C_LANGUAGE_STANDARD = gnu99;
				GCC_WARN_64_TO_32_BIT_CONVERSION = YES;
				GCC_WARN_ABOUT_RETURN_TYPE = YES_ERROR;
				GCC_WARN_UNDECLARED_SELECTOR = YES;
				GCC_WARN_UNINITIALIZED_AUTOS = YES_AGGRESSIVE;
				GCC_WARN_UNUSED_FUNCTION = YES;
				GCC_WARN_UNUSED_VARIABLE = YES;
				IPHONEOS_DEPLOYMENT_TARGET = 8.0;
				MTL_ENABLE_DEBUG_INFO = NO;
				SDKROOT = iphoneos;
				VALIDATE_PRODUCT = YES;
			};
			name = Release;
		};
		A24563A819D6D59A00C92823 /* Debug */ = {
			isa = XCBuildConfiguration;
			buildSettings = {
				ASSETCATALOG_COMPILER_APPICON_NAME = AppIcon;
				INFOPLIST_FILE = "Overdue Task List Assignment/Info.plist";
				LD_RUNPATH_SEARCH_PATHS = "$(inherited) @executable_path/Frameworks";
				PRODUCT_NAME = "$(TARGET_NAME)";
			};
			name = Debug;
		};
		A24563A919D6D59A00C92823 /* Release */ = {
			isa = XCBuildConfiguration;
			buildSettings = {
				ASSETCATALOG_COMPILER_APPICON_NAME = AppIcon;
				INFOPLIST_FILE = "Overdue Task List Assignment/Info.plist";
				LD_RUNPATH_SEARCH_PATHS = "$(inherited) @executable_path/Frameworks";
				PRODUCT_NAME = "$(TARGET_NAME)";
			};
			name = Release;
		};
		A24563AB19D6D59A00C92823 /* Debug */ = {
			isa = XCBuildConfiguration;
			buildSettings = {
				BUNDLE_LOADER = "$(TEST_HOST)";
				FRAMEWORK_SEARCH_PATHS = (
					"$(SDKROOT)/Developer/Library/Frameworks",
					"$(inherited)",
				);
				GCC_PREPROCESSOR_DEFINITIONS = (
					"DEBUG=1",
					"$(inherited)",
				);
				INFOPLIST_FILE = "Overdue Task List AssignmentTests/Info.plist";
				LD_RUNPATH_SEARCH_PATHS = "$(inherited) @executable_path/Frameworks @loader_path/Frameworks";
				PRODUCT_NAME = "$(TARGET_NAME)";
				TEST_HOST = "$(BUILT_PRODUCTS_DIR)/Overdue Task List Assignment.app/Overdue Task List Assignment";
			};
			name = Debug;
		};
		A24563AC19D6D59A00C92823 /* Release */ = {
			isa = XCBuildConfiguration;
			buildSettings = {
				BUNDLE_LOADER = "$(TEST_HOST)";
				FRAMEWORK_SEARCH_PATHS = (
					"$(SDKROOT)/Developer/Library/Frameworks",
					"$(inherited)",
				);
				INFOPLIST_FILE = "Overdue Task List AssignmentTests/Info.plist";
				LD_RUNPATH_SEARCH_PATHS = "$(inherited) @executable_path/Frameworks @loader_path/Frameworks";
				PRODUCT_NAME = "$(TARGET_NAME)";
				TEST_HOST = "$(BUILT_PRODUCTS_DIR)/Overdue Task List Assignment.app/Overdue Task List Assignment";
			};
			name = Release;
		};
/* End XCBuildConfiguration section */

/* Begin XCConfigurationList section */
		A245637C19D6D59900C92823 /* Build configuration list for PBXProject "Overdue Task List Assignment" */ = {
			isa = XCConfigurationList;
			buildConfigurations = (
				A24563A519D6D59A00C92823 /* Debug */,
				A24563A619D6D59A00C92823 /* Release */,
			);
			defaultConfigurationIsVisible = 0;
			defaultConfigurationName = Release;
		};
		A24563A719D6D59A00C92823 /* Build configuration list for PBXNativeTarget "Overdue Task List Assignment" */ = {
			isa = XCConfigurationList;
			buildConfigurations = (
				A24563A819D6D59A00C92823 /* Debug */,
				A24563A919D6D59A00C92823 /* Release */,
			);
			defaultConfigurationIsVisible = 0;
		};
		A24563AA19D6D59A00C92823 /* Build configuration list for PBXNativeTarget "Overdue Task List AssignmentTests" */ = {
			isa = XCConfigurationList;
			buildConfigurations = (
				A24563AB19D6D59A00C92823 /* Debug */,
				A24563AC19D6D59A00C92823 /* Release */,
			);
			defaultConfigurationIsVisible = 0;
		};
/* End XCConfigurationList section */

/* Begin XCVersionGroup section */
		A245638B19D6D59A00C92823 /* Overdue_Task_List_Assignment.xcdatamodeld */ = {
			isa = XCVersionGroup;
			children = (
				A245638C19D6D59A00C92823 /* Overdue_Task_List_Assignment.xcdatamodel */,
			);
			currentVersion = A245638C19D6D59A00C92823 /* Overdue_Task_List_Assignment.xcdatamodel */;
			path = Overdue_Task_List_Assignment.xcdatamodeld;
			sourceTree = "<group>";
			versionGroupType = wrapper.xcdatamodel;
		};
/* End XCVersionGroup section */
	};
	rootObject = A245637919D6D59900C92823 /* Project object */;
}
